
Microsoft Visual Studio Solution File, Format Version 12.00
# Visual Studio Version 17
VisualStudioVersion = 17.5.002.0
MinimumVisualStudioVersion = 10.0.40219.1
Project("{9A19103F-16F7-4668-BE54-9A1E7A4F7556}") = "SubUrl", "SubUrl.csproj", "{F66A3796-43F8-42E4-9B3E-9D60BEC080DF}"
EndProject
Global
	GlobalSection(SolutionConfigurationPlatforms) = preSolution
		Debug|Any CPU = Debug|Any CPU
		Release|Any CPU = Release|Any CPU
	EndGlobalSection
	GlobalSection(ProjectConfigurationPlatforms) = postSolution
		{F66A3796-43F8-42E4-9B3E-9D60BEC080DF}.Debug|Any CPU.ActiveCfg = Debug|Any CPU
		{F66A3796-43F8-42E4-9B3E-9D60BEC080DF}.Debug|Any CPU.Build.0 = Debug|Any CPU
		{F66A3796-43F8-42E4-9B3E-9D60BEC080DF}.Release|Any CPU.ActiveCfg = Release|Any CPU
		{F66A3796-43F8-42E4-9B3E-9D60BEC080DF}.Release|Any CPU.Build.0 = Release|Any CPU
	EndGlobalSection
	GlobalSection(SolutionProperties) = preSolution
		HideSolutionNode = FALSE
	EndGlobalSection
	GlobalSection(ExtensibilityGlobals) = postSolution
		SolutionGuid = {69B0AA84-FC75-4445-82FF-504949FD31C2}
	EndGlobalSection
EndGlobal
